{
  "name": "xForum",
  "version": "0.0.3",
  "dependencies": {
    "express": {
      "version": "3.0.0rc3",
      "dependencies": {
        "commander": {
          "version": "0.6.1"
        },
        "range-parser": {
          "version": "0.0.4"
        },
        "mkdirp": {
          "version": "0.3.3"
        },
        "crc": {
          "version": "0.2.0"
        },
        "fresh": {
          "version": "0.1.0"
        },
        "methods": {
          "version": "0.0.1"
        },
        "send": {
          "version": "0.0.3",
          "dependencies": {
            "mime": {
              "version": "1.2.6"
            }
          }
        },
        "debug": {
          "version": "0.7.0"
        }
      }
    },
    "jade": {
      "version": "0.27.2",
      "dependencies": {
        "commander": {
          "version": "0.6.1"
        },
        "mkdirp": {
          "version": "0.3.0"
        }
      }
    },
    "socket.io": {
      "version": "0.9.10",
      "dependencies": {
        "socket.io-client": {
          "version": "0.9.10",
          "dependencies": {
            "uglify-js": {
              "version": "1.2.5"
            },
            "ws": {
              "version": "0.4.21",
              "dependencies": {
                "commander": {
                  "version": "0.6.1"
                },
                "tinycolor": {
                  "version": "0.0.1"
                },
                "options": {
                  "version": "0.0.3"
                }
              }
            },
            "xmlhttprequest": {
              "version": "1.4.2"
            },
            "active-x-obfuscator": {
              "version": "0.0.1",
              "dependencies": {
                "zeparser": {
                  "version": "0.0.5"
                }
              }
            }
          }
        },
        "policyfile": {
          "version": "0.0.4"
        },
        "redis": {
          "version": "0.7.2"
        }
      }
    },
    "less-middleware": {
      "version": "0.1.5",
      "dependencies": {
        "mkdirp": {
          "version": "0.3.4"
        }
      }
    },
    "async": {
      "version": "0.1.22"
    },
    "bcrypt": {
      "version": "0.7.2",
      "from": "git://github.com/ncb000gt/node.bcrypt.js.git",
      "dependencies": {
        "bindings": {
          "version": "1.0.0"
        }
      }
    },
    "connect-mongodb": {
      "version": "1.1.5",
      "dependencies": {
        "connect": {
          "version": "1.9.2",
          "dependencies": {
            "qs": {
              "version": "0.5.0"
            },
            "mime": {
              "version": "1.2.7"
            },
            "formidable": {
              "version": "1.0.11"
            }
          }
        }
      }
    },
    "moment": {
      "version": "1.7.0"
    },
    "mongodb": {
      "version": "1.1.4",
      "dependencies": {
        "bson": {
          "version": "0.1.1"
        }
      }
    },
    "mongoose": {
      "version": "3.1.0",
      "dependencies": {
        "hooks": {
          "version": "0.2.1"
        },
        "mongodb": {
          "version": "1.1.5",
          "dependencies": {
            "bson": {
              "version": "0.1.3"
            }
          }
        },
        "ms": {
          "version": "0.1.0"
        }
      }
    },
    "connect": {
      "version": "2.4.3",
      "dependencies": {
        "qs": {
          "version": "0.4.2"
        },
        "formidable": {
          "version": "1.0.11"
        },
        "crc": {
          "version": "0.2.0"
        },
        "bytes": {
          "version": "0.1.0"
        },
        "send": {
          "version": "0.0.3",
          "dependencies": {
            "mime": {
              "version": "1.2.6"
            },
            "range-parser": {
              "version": "0.0.4"
            }
          }
        },
        "fresh": {
          "version": "0.1.0"
        },
        "pause": {
          "version": "0.0.1"
        },
        "debug": {
          "version": "0.7.0"
        }
      }
    },
    "cookie": {
      "version": "0.0.4"
    },
    "forms-mongoose": {
      "version": "0.0.4",
      "dependencies": {
        "forms": {
          "version": "0.1.0",
          "dependencies": {
            "async": {
              "version": "0.1.0"
            }
          }
        },
        "underscore": {
          "version": "1.3.3"
        }
      }
    },
    "jsdom": {
      "version": "0.2.18",
      "dependencies": {
        "htmlparser": {
          "version": "1.7.6"
        },
        "cssom": {
          "version": "0.2.5"
        },
        "cssstyle": {
          "version": "0.2.3"
        },
        "contextify": {
          "version": "0.1.3",
          "dependencies": {
            "bindings": {
              "version": "1.0.0"
            }
          }
        }
      }
    },
    "oembed": {
      "version": "0.1.0",
      "dependencies": {
        "htmlparser": {
          "version": "1.7.6"
        }
      }
    },
    "emailjs": {
      "version": "0.3.3",
      "dependencies": {
        "bufferjs": {
          "version": "1.1.0"
        }
      }
    },
    "express-validator": {
      "version": "0.3.0",
      "dependencies": {
        "validator": {
          "version": "0.4.12"
        }
      }
    },
    "less": {
      "version": "1.3.0"
    },
    "request": {
      "version": "2.11.4",
      "dependencies": {
        "form-data": {
          "version": "0.0.3",
          "dependencies": {
            "combined-stream": {
              "version": "0.0.3",
              "dependencies": {
                "delayed-stream": {
                  "version": "0.0.5"
                }
              }
            },
            "async": {
              "version": "0.1.9"
            }
          }
        },
        "mime": {
          "version": "1.2.7"
        }
      }
    }
  }
}
